
Microsoft Visual Studio Solution File, Format Version 12.00
# Visual Studio Version 16
VisualStudioVersion = 16.0.30611.23
MinimumVisualStudioVersion = 10.0.40219.1
Project("{8BC9CEB8-8B4A-11D0-8D11-00A0C91BC942}") = "po3_EnhancedReanimation", "EnhancedReanimation.vcxproj", "{A34729DC-BB8B-4343-9EE9-4AB78E7449E3}"
EndProject
Global
	GlobalSection(SolutionConfigurationPlatforms) = preSolution
		Debug|x64 = Debug|x64
		Debug|x86 = Debug|x86
		Release|x64 = Release|x64
		Release|x86 = Release|x86
	EndGlobalSection
	GlobalSection(ProjectConfigurationPlatforms) = postSolution
		{A34729DC-BB8B-4343-9EE9-4AB78E7449E3}.Debug|x64.ActiveCfg = Debug|x64
		{A34729DC-BB8B-4343-9EE9-4AB78E7449E3}.Debug|x64.Build.0 = Debug|x64
		{A34729DC-BB8B-4343-9EE9-4AB78E7449E3}.Debug|x86.ActiveCfg = Debug|Win32
		{A34729DC-BB8B-4343-9EE9-4AB78E7449E3}.Debug|x86.Build.0 = Debug|Win32
		{A34729DC-BB8B-4343-9EE9-4AB78E7449E3}.Release|x64.ActiveCfg = Release|x64
		{A34729DC-BB8B-4343-9EE9-4AB78E7449E3}.Release|x64.Build.0 = Release|x64
		{A34729DC-BB8B-4343-9EE9-4AB78E7449E3}.Release|x86.ActiveCfg = Release|Win32
		{A34729DC-BB8B-4343-9EE9-4AB78E7449E3}.Release|x86.Build.0 = Release|Win32
	EndGlobalSection
	GlobalSection(SolutionProperties) = preSolution
		HideSolutionNode = FALSE
	EndGlobalSection
	GlobalSection(ExtensibilityGlobals) = postSolution
		SolutionGuid = {E73209C3-6CBF-44EC-8BFD-5CF318287D84}
	EndGlobalSection
EndGlobal
